// !$*UTF8*$!
{
	archiveVersion = 1;
	classes = {
	};
	objectVersion = 46;
	objects = {

/* Begin PBXBuildFile section */
		B431F97E1D1FD53C005C9898 /* AppDelegate.swift in Sources */ = {isa = PBXBuildFile; fileRef = B431F97D1D1FD53C005C9898 /* AppDelegate.swift */; };
		B431F9801D1FD53C005C9898 /* ViewController.swift in Sources */ = {isa = PBXBuildFile; fileRef = B431F97F1D1FD53C005C9898 /* ViewController.swift */; };
		B431F9831D1FD53C005C9898 /* Main.storyboard in Resources */ = {isa = PBXBuildFile; fileRef = B431F9811D1FD53C005C9898 /* Main.storyboard */; };
		B431F9851D1FD53C005C9898 /* Assets.xcassets in Resources */ = {isa = PBXBuildFile; fileRef = B431F9841D1FD53C005C9898 /* Assets.xcassets */; };
		B431F9881D1FD53C005C9898 /* LaunchScreen.storyboard in Resources */ = {isa = PBXBuildFile; fileRef = B431F9861D1FD53C005C9898 /* LaunchScreen.storyboard */; };
/* End PBXBuildFile section */

/* Begin PBXFileReference section */
		B431F97A1D1FD53C005C9898 /* UITableView-Grouped.app */ = {isa = PBXFileReference; explicitFileType = wrapper.application; includeInIndex = 0; path = "UITableView-Grouped.app"; sourceTree = BUILT_PRODUCTS_DIR; };
		B431F97D1D1FD53C005C9898 /* AppDelegate.swift */ = {isa = PBXFileReference; lastKnownFileType = sourcecode.swift; path = AppDelegate.swift; sourceTree = "<group>"; };
		B431F97F1D1FD53C005C9898 /* ViewController.swift */ = {isa = PBXFileReference; lastKnownFileType = sourcecode.swift; path = ViewController.swift; sourceTree = "<group>"; };
		B431F9821D1FD53C005C9898 /* Base */ = {isa = PBXFileReference; lastKnownFileType = file.storyboard; name = Base; path = Base.lproj/Main.storyboard; sourceTree = "<group>"; };
		B431F9841D1FD53C005C9898 /* Assets.xcassets */ = {isa = PBXFileReference; lastKnownFileType = folder.assetcatalog; path = Assets.xcassets; sourceTree = "<group>"; };
		B431F9871D1FD53C005C9898 /* Base */ = {isa = PBXFileReference; lastKnownFileType = file.storyboard; name = Base; path = Base.lproj/LaunchScreen.storyboard; sourceTree = "<group>"; };
		B431F9891D1FD53C005C9898 /* Info.plist */ = {isa = PBXFileReference; lastKnownFileType = text.plist.xml; path = Info.plist; sourceTree = "<group>"; };
/* End PBXFileReference section */

/* Begin PBXFrameworksBuildPhase section */
		B431F9771D1FD53C005C9898 /* Frameworks */ = {
			isa = PBXFrameworksBuildPhase;
			buildActionMask = 2147483647;
			files = (
			);
			runOnlyForDeploymentPostprocessing = 0;
		};
/* End PBXFrameworksBuildPhase section */

/* Begin PBXGroup section */
		B431F9711D1FD53C005C9898 = {
			isa = PBXGroup;
			children = (
				B431F97C1D1FD53C005C9898 /* UITableView-Grouped */,
				B431F97B1D1FD53C005C9898 /* Products */,
			);
			sourceTree = "<group>";
		};
		B431F97B1D1FD53C005C9898 /* Products */ = {
			isa = PBXGroup;
			children = (
				B431F97A1D1FD53C005C9898 /* UITableView-Grouped.app */,
			);
			name = Products;
			sourceTree = "<group>";
		};
		B431F97C1D1FD53C005C9898 /* UITableView-Grouped */ = {
			isa = PBXGroup;
			children = (
				B431F97D1D1FD53C005C9898 /* AppDelegate.swift */,
				B431F97F1D1FD53C005C9898 /* ViewController.swift */,
				B431F9811D1FD53C005C9898 /* Main.storyboard */,
				B431F9841D1FD53C005C9898 /* Assets.xcassets */,
				B431F9861D1FD53C005C9898 /* LaunchScreen.storyboard */,
				B431F9891D1FD53C005C9898 /* Info.plist */,
			);
			path = "UITableView-Grouped";
			sourceTree = "<group>";
		};
/* End PBXGroup section */

/* Begin PBXNativeTarget section */
		B431F9791D1FD53C005C9898 /* UITableView-Grouped */ = {
			isa = PBXNativeTarget;
			buildConfigurationList = B431F98C1D1FD53C005C9898 /* Build configuration list for PBXNativeTarget "UITableView-Grouped" */;
			buildPhases = (
				B431F9761D1FD53C005C9898 /* Sources */,
				B431F9771D1FD53C005C9898 /* Frameworks */,
				B431F9781D1FD53C005C9898 /* Resources */,
			);
			buildRules = (
			);
			dependencies = (
			);
			name = "UITableView-Grouped";
			productName = "UITableView-Grouped";
			productReference = B431F97A1D1FD53C005C9898 /* UITableView-Grouped.app */;
			productType = "com.apple.product-type.application";
		};
/* End PBXNativeTarget section */

/* Begin PBXProject section */
		B431F9721D1FD53C005C9898 /* Project object */ = {
			isa = PBXProject;
			attributes = {
				LastSwiftUpdateCheck = 0730;
				LastUpgradeCheck = 0730;
				ORGANIZATIONNAME = tic40;
				TargetAttributes = {
					B431F9791D1FD53C005C9898 = {
						CreatedOnToolsVersion = 7.3.1;
					};
				};
			};
			buildConfigurationList = B431F9751D1FD53C005C9898 /* Build configuration list for PBXProject "UITableView-Grouped" */;
			compatibilityVersion = "Xcode 3.2";
			developmentRegion = English;
			hasScannedForEncodings = 0;
			knownRegions = (
				en,
				Base,
			);
			mainGroup = B431F9711D1FD53C005C9898;
			productRefGroup = B431F97B1D1FD53C005C9898 /* Products */;
			projectDirPath = "";
			projectRoot = "";
			targets = (
				B431F9791D1FD53C005C9898 /* UITableView-Grouped */,
			);
		};
/* End PBXProject section */

/* Begin PBXResourcesBuildPhase section */
		B431F9781D1FD53C005C9898 /* Resources */ = {
			isa = PBXResourcesBuildPhase;
			buildActionMask = 2147483647;
			files = (
				B431F9881D1FD53C005C9898 /* LaunchScreen.storyboard in Resources */,
				B431F9851D1FD53C005C9898 /* Assets.xcassets in Resources */,
				B431F9831D1FD53C005C9898 /* Main.storyboard in Resources */,
			);
			runOnlyForDeploymentPostprocessing = 0;
		};
/* End PBXResourcesBuildPhase section */

/* Begin PBXSourcesBuildPhase section */
		B431F9761D1FD53C005C9898 /* Sources */ = {
			isa = PBXSourcesBuildPhase;
			buildActionMask = 2147483647;
			files = (
				B431F9801D1FD53C005C9898 /* ViewController.swift in Sources */,
				B431F97E1D1FD53C005C9898 /* AppDelegate.swift in Sources */,
			);
			runOnlyForDeploymentPostprocessing = 0;
		};
/* End PBXSourcesBuildPhase section */

/* Begin PBXVariantGroup section */
		B431F9811D1FD53C005C9898 /* Main.storyboard */ = {
			isa = PBXVariantGroup;
			children = (
				B431F9821D1FD53C005C9898 /* Base */,
			);
			name = Main.storyboard;
			sourceTree = "<group>";
		};
		B431F9861D1FD53C005C9898 /* LaunchScreen.storyboard */ = {
			isa = PBXVariantGroup;
			children = (
				B431F9871D1FD53C005C9898 /* Base */,
			);
			name = LaunchScreen.storyboard;
			sourceTree = "<group>";
		};
/* End PBXVariantGroup section */

/* Begin XCBuildConfiguration section */
		B431F98A1D1FD53C005C9898 /* Debug */ = {
			isa = XCBuildConfiguration;
			buildSettings = {
				ALWAYS_SEARCH_USER_PATHS = NO;
				CLANG_ANALYZER_NONNULL = YES;
				CLANG_CXX_LANGUAGE_STANDARD = "gnu++0x";
				CLANG_CXX_LIBRARY = "libc++";
				CLANG_ENABLE_MODULES = YES;
				CLANG_ENABLE_OBJC_ARC = YES;
				CLANG_WARN_BOOL_CONVERSION = YES;
				CLANG_WARN_CONSTANT_CONVERSION = YES;
				CLANG_WARN_DIRECT_OBJC_ISA_USAGE = YES_ERROR;
				CLANG_WARN_EMPTY_BODY = YES;
				CLANG_WARN_ENUM_CONVERSION = YES;
				CLANG_WARN_INT_CONVERSION = YES;
				CLANG_WARN_OBJC_ROOT_CLASS = YES_ERROR;
				CLANG_WARN_UNREACHABLE_CODE = YES;
				CLANG_WARN__DUPLICATE_METHOD_MATCH = YES;
				"CODE_SIGN_IDENTITY[sdk=iphoneos*]" = "iPhone Developer";
				COPY_PHASE_STRIP = NO;
				DEBUG_INFORMATION_FORMAT = dwarf;
				ENABLE_STRICT_OBJC_MSGSEND = YES;
				ENABLE_TESTABILITY = YES;
				GCC_C_LANGUAGE_STANDARD = gnu99;
				GCC_DYNAMIC_NO_PIC = NO;
				GCC_NO_COMMON_BLOCKS = YES;
				GCC_OPTIMIZATION_LEVEL = 0;
				GCC_PREPROCESSOR_DEFINITIONS = (
					"DEBUG=1",
					"$(inherited)",
				);
				GCC_WARN_64_TO_32_BIT_CONVERSION = YES;
				GCC_WARN_ABOUT_RETURN_TYPE = YES_ERROR;
				GCC_WARN_UNDECLARED_SELECTOR = YES;
				GCC_WARN_UNINITIALIZED_AUTOS = YES_AGGRESSIVE;
				GCC_WARN_UNUSED_FUNCTION = YES;
				GCC_WARN_UNUSED_VARIABLE = YES;
				IPHONEOS_DEPLOYMENT_TARGET = 9.3;
				MTL_ENABLE_DEBUG_INFO = YES;
				ONLY_ACTIVE_ARCH = YES;
				SDKROOT = iphoneos;
				SWIFT_OPTIMIZATION_LEVEL = "-Onone";
			};
			name = Debug;
		};
		B431F98B1D1FD53C005C9898 /* Release */ = {
			isa = XCBuildConfiguration;
			buildSettings = {
				ALWAYS_SEARCH_USER_PATHS = NO;
				CLANG_ANALYZER_NONNULL = YES;
				CLANG_CXX_LANGUAGE_STANDARD = "gnu++0x";
				CLANG_CXX_LIBRARY = "libc++";
				CLANG_ENABLE_MODULES = YES;
				CLANG_ENABLE_OBJC_ARC = YES;
				CLANG_WARN_BOOL_CONVERSION = YES;
				CLANG_WARN_CONSTANT_CONVERSION = YES;
				CLANG_WARN_DIRECT_OBJC_ISA_USAGE = YES_ERROR;
				CLANG_WARN_EMPTY_BODY = YES;
				CLANG_WARN_ENUM_CONVERSION = YES;
				CLANG_WARN_INT_CONVERSION = YES;
				CLANG_WARN_OBJC_ROOT_CLASS = YES_ERROR;
				CLANG_WARN_UNREACHABLE_CODE = YES;
				CLANG_WARN__DUPLICATE_METHOD_MATCH = YES;
				"CODE_SIGN_IDENTITY[sdk=iphoneos*]" = "iPhone Developer";
				COPY_PHASE_STRIP = NO;
				DEBUG_INFORMATION_FORMAT = "dwarf-with-dsym";
				ENABLE_NS_ASSERTIONS = NO;
				ENABLE_STRICT_OBJC_MSGSEND = YES;
				GCC_C_LANGUAGE_STANDARD = gnu99;
				GCC_NO_COMMON_BLOCKS = YES;
				GCC_WARN_64_TO_32_BIT_CONVERSION = YES;
				GCC_WARN_ABOUT_RETURN_TYPE = YES_ERROR;
				GCC_WARN_UNDECLARED_SELECTOR = YES;
				GCC_WARN_UNINITIALIZED_AUTOS = YES_AGGRESSIVE;
				GCC_WARN_UNUSED_FUNCTION = YES;
				GCC_WARN_UNUSED_VARIABLE = YES;
				IPHONEOS_DEPLOYMENT_TARGET = 9.3;
				MTL_ENABLE_DEBUG_INFO = NO;
				SDKROOT = iphoneos;
				VALIDATE_PRODUCT = YES;
			};
			name = Release;
		};
		B431F98D1D1FD53C005C9898 /* Debug */ = {
			isa = XCBuildConfiguration;
			buildSettings = {
				ASSETCATALOG_COMPILER_APPICON_NAME = AppIcon;
				INFOPLIST_FILE = "UITableView-Grouped/Info.plist";
				LD_RUNPATH_SEARCH_PATHS = "$(inherited) @executable_path/Frameworks";
				PRODUCT_BUNDLE_IDENTIFIER = "com.tic40.UITableView-Grouped";
				PRODUCT_NAME = "$(TARGET_NAME)";
			};
			name = Debug;
		};
		B431F98E1D1FD53C005C9898 /* Release */ = {
			isa = XCBuildConfiguration;
			buildSettings = {
				ASSETCATALOG_COMPILER_APPICON_NAME = AppIcon;
				INFOPLIST_FILE = "UITableView-Grouped/Info.plist";
				LD_RUNPATH_SEARCH_PATHS = "$(inherited) @executable_path/Frameworks";
				PRODUCT_BUNDLE_IDENTIFIER = "com.tic40.UITableView-Grouped";
				PRODUCT_NAME = "$(TARGET_NAME)";
			};
			name = Release;
		};
/* End XCBuildConfiguration section */

/* Begin XCConfigurationList section */
		B431F9751D1FD53C005C9898 /* Build configuration list for PBXProject "UITableView-Grouped" */ = {
			isa = XCConfigurationList;
			buildConfigurations = (
				B431F98A1D1FD53C005C9898 /* Debug */,
				B431F98B1D1FD53C005C9898 /* Release */,
			);
			defaultConfigurationIsVisible = 0;
			defaultConfigurationName = Release;
		};
		B431F98C1D1FD53C005C9898 /* Build configuration list for PBXNativeTarget "UITableView-Grouped" */ = {
			isa = XCConfigurationList;
			buildConfigurations = (
				B431F98D1D1FD53C005C9898 /* Debug */,
				B431F98E1D1FD53C005C9898 /* Release */,
			);
			defaultConfigurationIsVisible = 0;
		};
/* End XCConfigurationList section */
	};
	rootObject = B431F9721D1FD53C005C9898 /* Project object */;
}
